
Microsoft Visual Studio Solution File, Format Version 12.00
# Visual Studio 2012
Project("{FAE04EC0-301F-11D3-BF4B-00C04F79EFBC}") = "TrustMgmtSimulation", "TrustMgmtSimulation\TrustMgmtSimulation.csproj", "{ADC9186D-7D48-40F8-AD60-BFD19BDE2095}"
EndProject
Global
	GlobalSection(SolutionConfigurationPlatforms) = preSolution
		Debug|Any CPU = Debug|Any CPU
		Release|Any CPU = Release|Any CPU
	EndGlobalSection
	GlobalSection(ProjectConfigurationPlatforms) = postSolution
		{ADC9186D-7D48-40F8-AD60-BFD19BDE2095}.Debug|Any CPU.ActiveCfg = Debug|Any CPU
		{ADC9186D-7D48-40F8-AD60-BFD19BDE2095}.Debug|Any CPU.Build.0 = Debug|Any CPU
		{ADC9186D-7D48-40F8-AD60-BFD19BDE2095}.Release|Any CPU.ActiveCfg = Release|Any CPU
		{ADC9186D-7D48-40F8-AD60-BFD19BDE2095}.Release|Any CPU.Build.0 = Release|Any CPU
	EndGlobalSection
EndGlobal
